
Microsoft Visual Studio Solution File, Format Version 12.00
# Visual Studio 15
VisualStudioVersion = 15.0.27428.2037
MinimumVisualStudioVersion = 10.0.40219.1
Project("{FAE04EC0-301F-11D3-BF4B-00C04F79EFBC}") = "CF", "CF\CF.csproj", "{96644685-73EC-40E1-AA44-CD4F27F0AD80}"
EndProject
Project("{2150E333-8FDC-42A3-9474-1A3956D46DE8}") = "UI", "UI", "{86D3C3E7-2B4F-4B87-90CA-6FA917D02B4E}"
EndProject
Project("{2150E333-8FDC-42A3-9474-1A3956D46DE8}") = "Data", "Data", "{6DD2C0E2-588B-4CC7-83EB-49B2FDA2BF23}"
EndProject
Project("{2150E333-8FDC-42A3-9474-1A3956D46DE8}") = "BusinessLogic", "BusinessLogic", "{0FE2B25C-49CA-4C7C-B7F1-22DB7A4CD7B3}"
EndProject
Project("{FAE04EC0-301F-11D3-BF4B-00C04F79EFBC}") = "CF.Data", "CF.Data\CF.Data.csproj", "{ED38BFDE-8ED5-4C98-AA25-3E45FD4B4707}"
EndProject
Project("{FAE04EC0-301F-11D3-BF4B-00C04F79EFBC}") = "CF.Models", "CF.Models\CF.Models.csproj", "{892E3253-404E-426C-B0B5-280E5A9F9E40}"
EndProject
Project("{FAE04EC0-301F-11D3-BF4B-00C04F79EFBC}") = "CF.Managers", "CF.Managers\CF.Managers.csproj", "{C4B59DBC-6380-4F35-A18E-B4C656ADABA1}"
EndProject
Project("{FAE04EC0-301F-11D3-BF4B-00C04F79EFBC}") = "CF.Repository", "CF.Repository\CF.Repository.csproj", "{5705B6B2-43C3-4815-8F1B-7895ACD8041A}"
EndProject
Global
	GlobalSection(SolutionConfigurationPlatforms) = preSolution
		Debug|Any CPU = Debug|Any CPU
		Release|Any CPU = Release|Any CPU
	EndGlobalSection
	GlobalSection(ProjectConfigurationPlatforms) = postSolution
		{96644685-73EC-40E1-AA44-CD4F27F0AD80}.Debug|Any CPU.ActiveCfg = Debug|Any CPU
		{96644685-73EC-40E1-AA44-CD4F27F0AD80}.Debug|Any CPU.Build.0 = Debug|Any CPU
		{96644685-73EC-40E1-AA44-CD4F27F0AD80}.Release|Any CPU.ActiveCfg = Release|Any CPU
		{96644685-73EC-40E1-AA44-CD4F27F0AD80}.Release|Any CPU.Build.0 = Release|Any CPU
		{ED38BFDE-8ED5-4C98-AA25-3E45FD4B4707}.Debug|Any CPU.ActiveCfg = Debug|Any CPU
		{ED38BFDE-8ED5-4C98-AA25-3E45FD4B4707}.Debug|Any CPU.Build.0 = Debug|Any CPU
		{ED38BFDE-8ED5-4C98-AA25-3E45FD4B4707}.Release|Any CPU.ActiveCfg = Release|Any CPU
		{ED38BFDE-8ED5-4C98-AA25-3E45FD4B4707}.Release|Any CPU.Build.0 = Release|Any CPU
		{892E3253-404E-426C-B0B5-280E5A9F9E40}.Debug|Any CPU.ActiveCfg = Debug|Any CPU
		{892E3253-404E-426C-B0B5-280E5A9F9E40}.Debug|Any CPU.Build.0 = Debug|Any CPU
		{892E3253-404E-426C-B0B5-280E5A9F9E40}.Release|Any CPU.ActiveCfg = Release|Any CPU
		{892E3253-404E-426C-B0B5-280E5A9F9E40}.Release|Any CPU.Build.0 = Release|Any CPU
		{C4B59DBC-6380-4F35-A18E-B4C656ADABA1}.Debug|Any CPU.ActiveCfg = Debug|Any CPU
		{C4B59DBC-6380-4F35-A18E-B4C656ADABA1}.Debug|Any CPU.Build.0 = Debug|Any CPU
		{C4B59DBC-6380-4F35-A18E-B4C656ADABA1}.Release|Any CPU.ActiveCfg = Release|Any CPU
		{C4B59DBC-6380-4F35-A18E-B4C656ADABA1}.Release|Any CPU.Build.0 = Release|Any CPU
		{5705B6B2-43C3-4815-8F1B-7895ACD8041A}.Debug|Any CPU.ActiveCfg = Debug|Any CPU
		{5705B6B2-43C3-4815-8F1B-7895ACD8041A}.Debug|Any CPU.Build.0 = Debug|Any CPU
		{5705B6B2-43C3-4815-8F1B-7895ACD8041A}.Release|Any CPU.ActiveCfg = Release|Any CPU
		{5705B6B2-43C3-4815-8F1B-7895ACD8041A}.Release|Any CPU.Build.0 = Release|Any CPU
	EndGlobalSection
	GlobalSection(SolutionProperties) = preSolution
		HideSolutionNode = FALSE
	EndGlobalSection
	GlobalSection(NestedProjects) = preSolution
		{96644685-73EC-40E1-AA44-CD4F27F0AD80} = {86D3C3E7-2B4F-4B87-90CA-6FA917D02B4E}
		{ED38BFDE-8ED5-4C98-AA25-3E45FD4B4707} = {6DD2C0E2-588B-4CC7-83EB-49B2FDA2BF23}
		{892E3253-404E-426C-B0B5-280E5A9F9E40} = {6DD2C0E2-588B-4CC7-83EB-49B2FDA2BF23}
		{C4B59DBC-6380-4F35-A18E-B4C656ADABA1} = {0FE2B25C-49CA-4C7C-B7F1-22DB7A4CD7B3}
		{5705B6B2-43C3-4815-8F1B-7895ACD8041A} = {6DD2C0E2-588B-4CC7-83EB-49B2FDA2BF23}
	EndGlobalSection
	GlobalSection(ExtensibilityGlobals) = postSolution
		SolutionGuid = {F2D95A3B-A6AB-4583-8C67-C4EFF77B68B1}
	EndGlobalSection
EndGlobal
